
Microsoft Visual Studio Solution File, Format Version 12.00
# Visual Studio Version 16
VisualStudioVersion = 16.0.30907.101
MinimumVisualStudioVersion = 10.0.40219.1
Project("{FAE04EC0-301F-11D3-BF4B-00C04F79EFBC}") = "PDFService", "PDFService\PDFService.csproj", "{A1CFE1F1-E930-4CB2-B50F-DB181D1595E2}"
EndProject
Project("{FAE04EC0-301F-11D3-BF4B-00C04F79EFBC}") = "DocStore.Data", "DocStore.Data\DocStore.Data.csproj", "{8FCF3265-6F4C-4A14-9675-CEDA286669C8}"
EndProject
Project("{FAE04EC0-301F-11D3-BF4B-00C04F79EFBC}") = "NUnitTestProjectPDF", "NUnitTestProjectPDF\NUnitTestProjectPDF.csproj", "{8AFC54F3-CF4F-43FE-B649-6D3AADBCC223}"
EndProject
Global
	GlobalSection(SolutionConfigurationPlatforms) = preSolution
		Debug|Any CPU = Debug|Any CPU
		Release|Any CPU = Release|Any CPU
	EndGlobalSection
	GlobalSection(ProjectConfigurationPlatforms) = postSolution
		{A1CFE1F1-E930-4CB2-B50F-DB181D1595E2}.Debug|Any CPU.ActiveCfg = Debug|Any CPU
		{A1CFE1F1-E930-4CB2-B50F-DB181D1595E2}.Debug|Any CPU.Build.0 = Debug|Any CPU
		{A1CFE1F1-E930-4CB2-B50F-DB181D1595E2}.Release|Any CPU.ActiveCfg = Release|Any CPU
		{A1CFE1F1-E930-4CB2-B50F-DB181D1595E2}.Release|Any CPU.Build.0 = Release|Any CPU
		{8FCF3265-6F4C-4A14-9675-CEDA286669C8}.Debug|Any CPU.ActiveCfg = Debug|Any CPU
		{8FCF3265-6F4C-4A14-9675-CEDA286669C8}.Debug|Any CPU.Build.0 = Debug|Any CPU
		{8FCF3265-6F4C-4A14-9675-CEDA286669C8}.Release|Any CPU.ActiveCfg = Release|Any CPU
		{8FCF3265-6F4C-4A14-9675-CEDA286669C8}.Release|Any CPU.Build.0 = Release|Any CPU
		{8AFC54F3-CF4F-43FE-B649-6D3AADBCC223}.Debug|Any CPU.ActiveCfg = Debug|Any CPU
		{8AFC54F3-CF4F-43FE-B649-6D3AADBCC223}.Debug|Any CPU.Build.0 = Debug|Any CPU
		{8AFC54F3-CF4F-43FE-B649-6D3AADBCC223}.Release|Any CPU.ActiveCfg = Release|Any CPU
		{8AFC54F3-CF4F-43FE-B649-6D3AADBCC223}.Release|Any CPU.Build.0 = Release|Any CPU
	EndGlobalSection
	GlobalSection(SolutionProperties) = preSolution
		HideSolutionNode = FALSE
	EndGlobalSection
	GlobalSection(ExtensibilityGlobals) = postSolution
		SolutionGuid = {A3ADF677-B152-42DB-B805-4A1D9EE69559}
	EndGlobalSection
EndGlobal
